
Microsoft Visual Studio Solution File, Format Version 12.00
# Visual Studio 2013
VisualStudioVersion = 12.0.21005.1
MinimumVisualStudioVersion = 10.0.40219.1
Project("{FAE04EC0-301F-11D3-BF4B-00C04F79EFBC}") = "DIA.Billing.Front", "WebApp\DIA.Billing.Front.csproj", "{2066015F-AA66-47AB-BABA-A8D41F1469C6}"
EndProject
Global
	GlobalSection(TeamFoundationVersionControl) = preSolution
		SccNumberOfProjects = 2
		SccEnterpriseProvider = {4CA58AB2-18FA-4F8D-95D4-32DDF27D184C}
		SccTeamFoundationServer = http://sdtvm02:4440/tfs/dia-billing-ui
		SccLocalPath0 = .
		SccProjectUniqueName1 = WebApp\\DIA.Billing.Front.csproj
		SccProjectName1 = WebApp
		SccLocalPath1 = WebApp
	EndGlobalSection
	GlobalSection(SolutionConfigurationPlatforms) = preSolution
		Debug|Any CPU = Debug|Any CPU
		Release|Any CPU = Release|Any CPU
	EndGlobalSection
	GlobalSection(ProjectConfigurationPlatforms) = postSolution
		{2066015F-AA66-47AB-BABA-A8D41F1469C6}.Debug|Any CPU.ActiveCfg = Debug|Any CPU
		{2066015F-AA66-47AB-BABA-A8D41F1469C6}.Debug|Any CPU.Build.0 = Debug|Any CPU
		{2066015F-AA66-47AB-BABA-A8D41F1469C6}.Release|Any CPU.ActiveCfg = Release|Any CPU
		{2066015F-AA66-47AB-BABA-A8D41F1469C6}.Release|Any CPU.Build.0 = Release|Any CPU
	EndGlobalSection
	GlobalSection(SolutionProperties) = preSolution
		HideSolutionNode = FALSE
	EndGlobalSection
EndGlobal
